
Microsoft Visual Studio Solution File, Format Version 12.00
# Visual Studio Version 17
VisualStudioVersion = 17.5.33424.131
MinimumVisualStudioVersion = 10.0.40219.1
Project("{FAE04EC0-301F-11D3-BF4B-00C04F79EFBC}") = "AppGit", "AppGit\AppGit.csproj", "{FD6F7502-2913-43B4-B383-F35070BED562}"
EndProject
Global
	GlobalSection(SolutionConfigurationPlatforms) = preSolution
		Debug|Any CPU = Debug|Any CPU
		Release|Any CPU = Release|Any CPU
	EndGlobalSection
	GlobalSection(ProjectConfigurationPlatforms) = postSolution
		{FD6F7502-2913-43B4-B383-F35070BED562}.Debug|Any CPU.ActiveCfg = Debug|Any CPU
		{FD6F7502-2913-43B4-B383-F35070BED562}.Debug|Any CPU.Build.0 = Debug|Any CPU
		{FD6F7502-2913-43B4-B383-F35070BED562}.Release|Any CPU.ActiveCfg = Release|Any CPU
		{FD6F7502-2913-43B4-B383-F35070BED562}.Release|Any CPU.Build.0 = Release|Any CPU
	EndGlobalSection
	GlobalSection(SolutionProperties) = preSolution
		HideSolutionNode = FALSE
	EndGlobalSection
	GlobalSection(ExtensibilityGlobals) = postSolution
		SolutionGuid = {B6FB7486-E2D6-4AA1-BDA5-A80A2AA162D6}
	EndGlobalSection
EndGlobal
